
Microsoft Visual Studio Solution File, Format Version 12.00
# Visual Studio Version 17
VisualStudioVersion = 17.7.34003.232
MinimumVisualStudioVersion = 10.0.40219.1
Project("{9A19103F-16F7-4668-BE54-9A1E7A4F7556}") = "CuaHangBanQuanAo", "CuaHangBanQuanAo\CuaHangBanQuanAo.csproj", "{CCFBE3F2-B7B5-43BE-82BF-D9EFDDFD9466}"
EndProject
Global
	GlobalSection(SolutionConfigurationPlatforms) = preSolution
		Debug|Any CPU = Debug|Any CPU
		Release|Any CPU = Release|Any CPU
	EndGlobalSection
	GlobalSection(ProjectConfigurationPlatforms) = postSolution
		{CCFBE3F2-B7B5-43BE-82BF-D9EFDDFD9466}.Debug|Any CPU.ActiveCfg = Debug|Any CPU
		{CCFBE3F2-B7B5-43BE-82BF-D9EFDDFD9466}.Debug|Any CPU.Build.0 = Debug|Any CPU
		{CCFBE3F2-B7B5-43BE-82BF-D9EFDDFD9466}.Release|Any CPU.ActiveCfg = Release|Any CPU
		{CCFBE3F2-B7B5-43BE-82BF-D9EFDDFD9466}.Release|Any CPU.Build.0 = Release|Any CPU
	EndGlobalSection
	GlobalSection(SolutionProperties) = preSolution
		HideSolutionNode = FALSE
	EndGlobalSection
	GlobalSection(ExtensibilityGlobals) = postSolution
		SolutionGuid = {EA71982F-35E1-45B8-B7D8-41F635D660AD}
	EndGlobalSection
EndGlobal
